
Microsoft Visual Studio Solution File, Format Version 12.00
# Visual Studio Version 16
VisualStudioVersion = 16.0.32602.291
MinimumVisualStudioVersion = 10.0.40219.1
Project("{FAE04EC0-301F-11D3-BF4B-00C04F79EFBC}") = "AdventOfCode2022", "AdventOfCode2022\AdventOfCode2022.csproj", "{6F89BD5E-825F-435E-A1F8-C25D9E57B337}"
EndProject
Global
	GlobalSection(SolutionConfigurationPlatforms) = preSolution
		Debug|Any CPU = Debug|Any CPU
		Release|Any CPU = Release|Any CPU
	EndGlobalSection
	GlobalSection(ProjectConfigurationPlatforms) = postSolution
		{6F89BD5E-825F-435E-A1F8-C25D9E57B337}.Debug|Any CPU.ActiveCfg = Debug|Any CPU
		{6F89BD5E-825F-435E-A1F8-C25D9E57B337}.Debug|Any CPU.Build.0 = Debug|Any CPU
		{6F89BD5E-825F-435E-A1F8-C25D9E57B337}.Release|Any CPU.ActiveCfg = Release|Any CPU
		{6F89BD5E-825F-435E-A1F8-C25D9E57B337}.Release|Any CPU.Build.0 = Release|Any CPU
	EndGlobalSection
	GlobalSection(SolutionProperties) = preSolution
		HideSolutionNode = FALSE
	EndGlobalSection
	GlobalSection(ExtensibilityGlobals) = postSolution
		SolutionGuid = {A593259C-5B6C-4A48-8ACF-790CBCAE14BE}
	EndGlobalSection
EndGlobal
